// !$*UTF8*$!
{
	archiveVersion = 1;
	classes = {
	};
	objectVersion = 55;
	objects = {

/* Begin PBXBuildFile section */
		A295FD6327B42F26006D02A9 /* AppDelegate.swift in Sources */ = {isa = PBXBuildFile; fileRef = A295FD6227B42F26006D02A9 /* AppDelegate.swift */; };
		A295FD6527B42F26006D02A9 /* SceneDelegate.swift in Sources */ = {isa = PBXBuildFile; fileRef = A295FD6427B42F26006D02A9 /* SceneDelegate.swift */; };
		A295FD6C27B42F27006D02A9 /* Assets.xcassets in Resources */ = {isa = PBXBuildFile; fileRef = A295FD6B27B42F27006D02A9 /* Assets.xcassets */; };
		A295FD6F27B42F27006D02A9 /* LaunchScreen.storyboard in Resources */ = {isa = PBXBuildFile; fileRef = A295FD6D27B42F27006D02A9 /* LaunchScreen.storyboard */; };
		A295FD7A27B42F27006D02A9 /* MVP_Storyboard_2Tests.swift in Sources */ = {isa = PBXBuildFile; fileRef = A295FD7927B42F27006D02A9 /* MVP_Storyboard_2Tests.swift */; };
		A295FD8427B42F27006D02A9 /* MVP_Storyboard_2UITests.swift in Sources */ = {isa = PBXBuildFile; fileRef = A295FD8327B42F27006D02A9 /* MVP_Storyboard_2UITests.swift */; };
		A295FD8627B42F27006D02A9 /* MVP_Storyboard_2UITestsLaunchTests.swift in Sources */ = {isa = PBXBuildFile; fileRef = A295FD8527B42F27006D02A9 /* MVP_Storyboard_2UITestsLaunchTests.swift */; };
		A295FD9727B42F7A006D02A9 /* Comment.swift in Sources */ = {isa = PBXBuildFile; fileRef = A295FD9627B42F7A006D02A9 /* Comment.swift */; };
		A295FD9927B42FFA006D02A9 /* MainView.xib in Resources */ = {isa = PBXBuildFile; fileRef = A295FD9827B42FFA006D02A9 /* MainView.xib */; };
		A295FD9B27B43034006D02A9 /* MainViewController.swift in Sources */ = {isa = PBXBuildFile; fileRef = A295FD9A27B43034006D02A9 /* MainViewController.swift */; };
		A295FD9D27B431F3006D02A9 /* MainPresenter.swift in Sources */ = {isa = PBXBuildFile; fileRef = A295FD9C27B431F3006D02A9 /* MainPresenter.swift */; };
		A295FDA127B4358F006D02A9 /* ModuleBuilder.swift in Sources */ = {isa = PBXBuildFile; fileRef = A295FDA027B4358F006D02A9 /* ModuleBuilder.swift */; };
		A295FDA427B43D8C006D02A9 /* NetworkService.swift in Sources */ = {isa = PBXBuildFile; fileRef = A295FDA327B43D8C006D02A9 /* NetworkService.swift */; };
		A2AED83527B52502006EBD6D /* DetailPresenter.swift in Sources */ = {isa = PBXBuildFile; fileRef = A2AED83427B52502006EBD6D /* DetailPresenter.swift */; };
/* End PBXBuildFile section */

/* Begin PBXContainerItemProxy section */
		A295FD7627B42F27006D02A9 /* PBXContainerItemProxy */ = {
			isa = PBXContainerItemProxy;
			containerPortal = A295FD5727B42F26006D02A9 /* Project object */;
			proxyType = 1;
			remoteGlobalIDString = A295FD5E27B42F26006D02A9;
			remoteInfo = "MVP-Storyboard-2";
		};
		A295FD8027B42F27006D02A9 /* PBXContainerItemProxy */ = {
			isa = PBXContainerItemProxy;
			containerPortal = A295FD5727B42F26006D02A9 /* Project object */;
			proxyType = 1;
			remoteGlobalIDString = A295FD5E27B42F26006D02A9;
			remoteInfo = "MVP-Storyboard-2";
		};
/* End PBXContainerItemProxy section */

/* Begin PBXFileReference section */
		A295FD5F27B42F26006D02A9 /* MVP-Storyboard-2.app */ = {isa = PBXFileReference; explicitFileType = wrapper.application; includeInIndex = 0; path = "MVP-Storyboard-2.app"; sourceTree = BUILT_PRODUCTS_DIR; };
		A295FD6227B42F26006D02A9 /* AppDelegate.swift */ = {isa = PBXFileReference; lastKnownFileType = sourcecode.swift; path = AppDelegate.swift; sourceTree = "<group>"; };
		A295FD6427B42F26006D02A9 /* SceneDelegate.swift */ = {isa = PBXFileReference; lastKnownFileType = sourcecode.swift; path = SceneDelegate.swift; sourceTree = "<group>"; };
		A295FD6B27B42F27006D02A9 /* Assets.xcassets */ = {isa = PBXFileReference; lastKnownFileType = folder.assetcatalog; path = Assets.xcassets; sourceTree = "<group>"; };
		A295FD6E27B42F27006D02A9 /* Base */ = {isa = PBXFileReference; lastKnownFileType = file.storyboard; name = Base; path = Base.lproj/LaunchScreen.storyboard; sourceTree = "<group>"; };
		A295FD7027B42F27006D02A9 /* Info.plist */ = {isa = PBXFileReference; lastKnownFileType = text.plist.xml; path = Info.plist; sourceTree = "<group>"; };
		A295FD7527B42F27006D02A9 /* MVP-Storyboard-2Tests.xctest */ = {isa = PBXFileReference; explicitFileType = wrapper.cfbundle; includeInIndex = 0; path = "MVP-Storyboard-2Tests.xctest"; sourceTree = BUILT_PRODUCTS_DIR; };
		A295FD7927B42F27006D02A9 /* MVP_Storyboard_2Tests.swift */ = {isa = PBXFileReference; lastKnownFileType = sourcecode.swift; path = MVP_Storyboard_2Tests.swift; sourceTree = "<group>"; };
		A295FD7F27B42F27006D02A9 /* MVP-Storyboard-2UITests.xctest */ = {isa = PBXFileReference; explicitFileType = wrapper.cfbundle; includeInIndex = 0; path = "MVP-Storyboard-2UITests.xctest"; sourceTree = BUILT_PRODUCTS_DIR; };
		A295FD8327B42F27006D02A9 /* MVP_Storyboard_2UITests.swift */ = {isa = PBXFileReference; lastKnownFileType = sourcecode.swift; path = MVP_Storyboard_2UITests.swift; sourceTree = "<group>"; };
		A295FD8527B42F27006D02A9 /* MVP_Storyboard_2UITestsLaunchTests.swift */ = {isa = PBXFileReference; lastKnownFileType = sourcecode.swift; path = MVP_Storyboard_2UITestsLaunchTests.swift; sourceTree = "<group>"; };
		A295FD9627B42F7A006D02A9 /* Comment.swift */ = {isa = PBXFileReference; lastKnownFileType = sourcecode.swift; path = Comment.swift; sourceTree = "<group>"; };
		A295FD9827B42FFA006D02A9 /* MainView.xib */ = {isa = PBXFileReference; lastKnownFileType = file.xib; path = MainView.xib; sourceTree = "<group>"; };
		A295FD9A27B43034006D02A9 /* MainViewController.swift */ = {isa = PBXFileReference; lastKnownFileType = sourcecode.swift; path = MainViewController.swift; sourceTree = "<group>"; };
		A295FD9C27B431F3006D02A9 /* MainPresenter.swift */ = {isa = PBXFileReference; lastKnownFileType = sourcecode.swift; path = MainPresenter.swift; sourceTree = "<group>"; };
		A295FDA027B4358F006D02A9 /* ModuleBuilder.swift */ = {isa = PBXFileReference; lastKnownFileType = sourcecode.swift; path = ModuleBuilder.swift; sourceTree = "<group>"; };
		A295FDA327B43D8C006D02A9 /* NetworkService.swift */ = {isa = PBXFileReference; lastKnownFileType = sourcecode.swift; path = NetworkService.swift; sourceTree = "<group>"; };
		A2AED83427B52502006EBD6D /* DetailPresenter.swift */ = {isa = PBXFileReference; lastKnownFileType = sourcecode.swift; path = DetailPresenter.swift; sourceTree = "<group>"; };
/* End PBXFileReference section */

/* Begin PBXFrameworksBuildPhase section */
		A295FD5C27B42F26006D02A9 /* Frameworks */ = {
			isa = PBXFrameworksBuildPhase;
			buildActionMask = 2147483647;
			files = (
			);
			runOnlyForDeploymentPostprocessing = 0;
		};
		A295FD7227B42F27006D02A9 /* Frameworks */ = {
			isa = PBXFrameworksBuildPhase;
			buildActionMask = 2147483647;
			files = (
			);
			runOnlyForDeploymentPostprocessing = 0;
		};
		A295FD7C27B42F27006D02A9 /* Frameworks */ = {
			isa = PBXFrameworksBuildPhase;
			buildActionMask = 2147483647;
			files = (
			);
			runOnlyForDeploymentPostprocessing = 0;
		};
/* End PBXFrameworksBuildPhase section */

/* Begin PBXGroup section */
		A295FD5627B42F26006D02A9 = {
			isa = PBXGroup;
			children = (
				A295FD6127B42F26006D02A9 /* MVP-Storyboard-2 */,
				A295FD7827B42F27006D02A9 /* MVP-Storyboard-2Tests */,
				A295FD8227B42F27006D02A9 /* MVP-Storyboard-2UITests */,
				A295FD6027B42F26006D02A9 /* Products */,
			);
			sourceTree = "<group>";
		};
		A295FD6027B42F26006D02A9 /* Products */ = {
			isa = PBXGroup;
			children = (
				A295FD5F27B42F26006D02A9 /* MVP-Storyboard-2.app */,
				A295FD7527B42F27006D02A9 /* MVP-Storyboard-2Tests.xctest */,
				A295FD7F27B42F27006D02A9 /* MVP-Storyboard-2UITests.xctest */,
			);
			name = Products;
			sourceTree = "<group>";
		};
		A295FD6127B42F26006D02A9 /* MVP-Storyboard-2 */ = {
			isa = PBXGroup;
			children = (
				A295FD6227B42F26006D02A9 /* AppDelegate.swift */,
				A295FD6427B42F26006D02A9 /* SceneDelegate.swift */,
				A295FD9227B42F43006D02A9 /* MainModule */,
				A2AED83727B5296C006EBD6D /* DetailModule */,
				A295FDA227B43D64006D02A9 /* ServiceLayer */,
				A295FD6B27B42F27006D02A9 /* Assets.xcassets */,
				A295FD6D27B42F27006D02A9 /* LaunchScreen.storyboard */,
				A295FD7027B42F27006D02A9 /* Info.plist */,
			);
			path = "MVP-Storyboard-2";
			sourceTree = "<group>";
		};
		A295FD7827B42F27006D02A9 /* MVP-Storyboard-2Tests */ = {
			isa = PBXGroup;
			children = (
				A295FD7927B42F27006D02A9 /* MVP_Storyboard_2Tests.swift */,
			);
			path = "MVP-Storyboard-2Tests";
			sourceTree = "<group>";
		};
		A295FD8227B42F27006D02A9 /* MVP-Storyboard-2UITests */ = {
			isa = PBXGroup;
			children = (
				A295FD8327B42F27006D02A9 /* MVP_Storyboard_2UITests.swift */,
				A295FD8527B42F27006D02A9 /* MVP_Storyboard_2UITestsLaunchTests.swift */,
			);
			path = "MVP-Storyboard-2UITests";
			sourceTree = "<group>";
		};
		A295FD9227B42F43006D02A9 /* MainModule */ = {
			isa = PBXGroup;
			children = (
				A295FDA027B4358F006D02A9 /* ModuleBuilder.swift */,
				A295FD9327B42F4E006D02A9 /* Model */,
				A295FD9527B42F5A006D02A9 /* View */,
				A295FD9427B42F57006D02A9 /* Presenter */,
			);
			path = MainModule;
			sourceTree = "<group>";
		};
		A295FD9327B42F4E006D02A9 /* Model */ = {
			isa = PBXGroup;
			children = (
				A295FD9627B42F7A006D02A9 /* Comment.swift */,
			);
			path = Model;
			sourceTree = "<group>";
		};
		A295FD9427B42F57006D02A9 /* Presenter */ = {
			isa = PBXGroup;
			children = (
				A295FD9C27B431F3006D02A9 /* MainPresenter.swift */,
			);
			path = Presenter;
			sourceTree = "<group>";
		};
		A295FD9527B42F5A006D02A9 /* View */ = {
			isa = PBXGroup;
			children = (
				A295FD9A27B43034006D02A9 /* MainViewController.swift */,
				A295FD9827B42FFA006D02A9 /* MainView.xib */,
			);
			path = View;
			sourceTree = "<group>";
		};
		A295FDA227B43D64006D02A9 /* ServiceLayer */ = {
			isa = PBXGroup;
			children = (
				A295FDA327B43D8C006D02A9 /* NetworkService.swift */,
			);
			path = ServiceLayer;
			sourceTree = "<group>";
		};
		A2AED83627B52967006EBD6D /* Presenter */ = {
			isa = PBXGroup;
			children = (
				A2AED83427B52502006EBD6D /* DetailPresenter.swift */,
			);
			path = Presenter;
			sourceTree = "<group>";
		};
		A2AED83727B5296C006EBD6D /* DetailModule */ = {
			isa = PBXGroup;
			children = (
				A2AED83827B52980006EBD6D /* View */,
				A2AED83627B52967006EBD6D /* Presenter */,
			);
			path = DetailModule;
			sourceTree = "<group>";
		};
		A2AED83827B52980006EBD6D /* View */ = {
			isa = PBXGroup;
			children = (
			);
			path = View;
			sourceTree = "<group>";
		};
/* End PBXGroup section */

/* Begin PBXNativeTarget section */
		A295FD5E27B42F26006D02A9 /* MVP-Storyboard-2 */ = {
			isa = PBXNativeTarget;
			buildConfigurationList = A295FD8927B42F27006D02A9 /* Build configuration list for PBXNativeTarget "MVP-Storyboard-2" */;
			buildPhases = (
				A295FD5B27B42F26006D02A9 /* Sources */,
				A295FD5C27B42F26006D02A9 /* Frameworks */,
				A295FD5D27B42F26006D02A9 /* Resources */,
			);
			buildRules = (
			);
			dependencies = (
			);
			name = "MVP-Storyboard-2";
			productName = "MVP-Storyboard-2";
			productReference = A295FD5F27B42F26006D02A9 /* MVP-Storyboard-2.app */;
			productType = "com.apple.product-type.application";
		};
		A295FD7427B42F27006D02A9 /* MVP-Storyboard-2Tests */ = {
			isa = PBXNativeTarget;
			buildConfigurationList = A295FD8C27B42F27006D02A9 /* Build configuration list for PBXNativeTarget "MVP-Storyboard-2Tests" */;
			buildPhases = (
				A295FD7127B42F27006D02A9 /* Sources */,
				A295FD7227B42F27006D02A9 /* Frameworks */,
				A295FD7327B42F27006D02A9 /* Resources */,
			);
			buildRules = (
			);
			dependencies = (
				A295FD7727B42F27006D02A9 /* PBXTargetDependency */,
			);
			name = "MVP-Storyboard-2Tests";
			productName = "MVP-Storyboard-2Tests";
			productReference = A295FD7527B42F27006D02A9 /* MVP-Storyboard-2Tests.xctest */;
			productType = "com.apple.product-type.bundle.unit-test";
		};
		A295FD7E27B42F27006D02A9 /* MVP-Storyboard-2UITests */ = {
			isa = PBXNativeTarget;
			buildConfigurationList = A295FD8F27B42F27006D02A9 /* Build configuration list for PBXNativeTarget "MVP-Storyboard-2UITests" */;
			buildPhases = (
				A295FD7B27B42F27006D02A9 /* Sources */,
				A295FD7C27B42F27006D02A9 /* Frameworks */,
				A295FD7D27B42F27006D02A9 /* Resources */,
			);
			buildRules = (
			);
			dependencies = (
				A295FD8127B42F27006D02A9 /* PBXTargetDependency */,
			);
			name = "MVP-Storyboard-2UITests";
			productName = "MVP-Storyboard-2UITests";
			productReference = A295FD7F27B42F27006D02A9 /* MVP-Storyboard-2UITests.xctest */;
			productType = "com.apple.product-type.bundle.ui-testing";
		};
/* End PBXNativeTarget section */

/* Begin PBXProject section */
		A295FD5727B42F26006D02A9 /* Project object */ = {
			isa = PBXProject;
			attributes = {
				BuildIndependentTargetsInParallel = 1;
				LastSwiftUpdateCheck = 1320;
				LastUpgradeCheck = 1320;
				TargetAttributes = {
					A295FD5E27B42F26006D02A9 = {
						CreatedOnToolsVersion = 13.2.1;
					};
					A295FD7427B42F27006D02A9 = {
						CreatedOnToolsVersion = 13.2.1;
						TestTargetID = A295FD5E27B42F26006D02A9;
					};
					A295FD7E27B42F27006D02A9 = {
						CreatedOnToolsVersion = 13.2.1;
						TestTargetID = A295FD5E27B42F26006D02A9;
					};
				};
			};
			buildConfigurationList = A295FD5A27B42F26006D02A9 /* Build configuration list for PBXProject "MVP-Storyboard-2" */;
			compatibilityVersion = "Xcode 13.0";
			developmentRegion = en;
			hasScannedForEncodings = 0;
			knownRegions = (
				en,
				Base,
			);
			mainGroup = A295FD5627B42F26006D02A9;
			productRefGroup = A295FD6027B42F26006D02A9 /* Products */;
			projectDirPath = "";
			projectRoot = "";
			targets = (
				A295FD5E27B42F26006D02A9 /* MVP-Storyboard-2 */,
				A295FD7427B42F27006D02A9 /* MVP-Storyboard-2Tests */,
				A295FD7E27B42F27006D02A9 /* MVP-Storyboard-2UITests */,
			);
		};
/* End PBXProject section */

/* Begin PBXResourcesBuildPhase section */
		A295FD5D27B42F26006D02A9 /* Resources */ = {
			isa = PBXResourcesBuildPhase;
			buildActionMask = 2147483647;
			files = (
				A295FD6F27B42F27006D02A9 /* LaunchScreen.storyboard in Resources */,
				A295FD9927B42FFA006D02A9 /* MainView.xib in Resources */,
				A295FD6C27B42F27006D02A9 /* Assets.xcassets in Resources */,
			);
			runOnlyForDeploymentPostprocessing = 0;
		};
		A295FD7327B42F27006D02A9 /* Resources */ = {
			isa = PBXResourcesBuildPhase;
			buildActionMask = 2147483647;
			files = (
			);
			runOnlyForDeploymentPostprocessing = 0;
		};
		A295FD7D27B42F27006D02A9 /* Resources */ = {
			isa = PBXResourcesBuildPhase;
			buildActionMask = 2147483647;
			files = (
			);
			runOnlyForDeploymentPostprocessing = 0;
		};
/* End PBXResourcesBuildPhase section */

/* Begin PBXSourcesBuildPhase section */
		A295FD5B27B42F26006D02A9 /* Sources */ = {
			isa = PBXSourcesBuildPhase;
			buildActionMask = 2147483647;
			files = (
				A295FD9D27B431F3006D02A9 /* MainPresenter.swift in Sources */,
				A295FD6327B42F26006D02A9 /* AppDelegate.swift in Sources */,
				A295FD6527B42F26006D02A9 /* SceneDelegate.swift in Sources */,
				A2AED83527B52502006EBD6D /* DetailPresenter.swift in Sources */,
				A295FD9727B42F7A006D02A9 /* Comment.swift in Sources */,
				A295FD9B27B43034006D02A9 /* MainViewController.swift in Sources */,
				A295FDA127B4358F006D02A9 /* ModuleBuilder.swift in Sources */,
				A295FDA427B43D8C006D02A9 /* NetworkService.swift in Sources */,
			);
			runOnlyForDeploymentPostprocessing = 0;
		};
		A295FD7127B42F27006D02A9 /* Sources */ = {
			isa = PBXSourcesBuildPhase;
			buildActionMask = 2147483647;
			files = (
				A295FD7A27B42F27006D02A9 /* MVP_Storyboard_2Tests.swift in Sources */,
			);
			runOnlyForDeploymentPostprocessing = 0;
		};
		A295FD7B27B42F27006D02A9 /* Sources */ = {
			isa = PBXSourcesBuildPhase;
			buildActionMask = 2147483647;
			files = (
				A295FD8627B42F27006D02A9 /* MVP_Storyboard_2UITestsLaunchTests.swift in Sources */,
				A295FD8427B42F27006D02A9 /* MVP_Storyboard_2UITests.swift in Sources */,
			);
			runOnlyForDeploymentPostprocessing = 0;
		};
/* End PBXSourcesBuildPhase section */

/* Begin PBXTargetDependency section */
		A295FD7727B42F27006D02A9 /* PBXTargetDependency */ = {
			isa = PBXTargetDependency;
			target = A295FD5E27B42F26006D02A9 /* MVP-Storyboard-2 */;
			targetProxy = A295FD7627B42F27006D02A9 /* PBXContainerItemProxy */;
		};
		A295FD8127B42F27006D02A9 /* PBXTargetDependency */ = {
			isa = PBXTargetDependency;
			target = A295FD5E27B42F26006D02A9 /* MVP-Storyboard-2 */;
			targetProxy = A295FD8027B42F27006D02A9 /* PBXContainerItemProxy */;
		};
/* End PBXTargetDependency section */

/* Begin PBXVariantGroup section */
		A295FD6D27B42F27006D02A9 /* LaunchScreen.storyboard */ = {
			isa = PBXVariantGroup;
			children = (
				A295FD6E27B42F27006D02A9 /* Base */,
			);
			name = LaunchScreen.storyboard;
			sourceTree = "<group>";
		};
/* End PBXVariantGroup section */

/* Begin XCBuildConfiguration section */
		A295FD8727B42F27006D02A9 /* Debug */ = {
			isa = XCBuildConfiguration;
			buildSettings = {
				ALWAYS_SEARCH_USER_PATHS = NO;
				CLANG_ANALYZER_NONNULL = YES;
				CLANG_ANALYZER_NUMBER_OBJECT_CONVERSION = YES_AGGRESSIVE;
				CLANG_CXX_LANGUAGE_STANDARD = "gnu++17";
				CLANG_CXX_LIBRARY = "libc++";
				CLANG_ENABLE_MODULES = YES;
				CLANG_ENABLE_OBJC_ARC = YES;
				CLANG_ENABLE_OBJC_WEAK = YES;
				CLANG_WARN_BLOCK_CAPTURE_AUTORELEASING = YES;
				CLANG_WARN_BOOL_CONVERSION = YES;
				CLANG_WARN_COMMA = YES;
				CLANG_WARN_CONSTANT_CONVERSION = YES;
				CLANG_WARN_DEPRECATED_OBJC_IMPLEMENTATIONS = YES;
				CLANG_WARN_DIRECT_OBJC_ISA_USAGE = YES_ERROR;
				CLANG_WARN_DOCUMENTATION_COMMENTS = YES;
				CLANG_WARN_EMPTY_BODY = YES;
				CLANG_WARN_ENUM_CONVERSION = YES;
				CLANG_WARN_INFINITE_RECURSION = YES;
				CLANG_WARN_INT_CONVERSION = YES;
				CLANG_WARN_NON_LITERAL_NULL_CONVERSION = YES;
				CLANG_WARN_OBJC_IMPLICIT_RETAIN_SELF = YES;
				CLANG_WARN_OBJC_LITERAL_CONVERSION = YES;
				CLANG_WARN_OBJC_ROOT_CLASS = YES_ERROR;
				CLANG_WARN_QUOTED_INCLUDE_IN_FRAMEWORK_HEADER = YES;
				CLANG_WARN_RANGE_LOOP_ANALYSIS = YES;
				CLANG_WARN_STRICT_PROTOTYPES = YES;
				CLANG_WARN_SUSPICIOUS_MOVE = YES;
				CLANG_WARN_UNGUARDED_AVAILABILITY = YES_AGGRESSIVE;
				CLANG_WARN_UNREACHABLE_CODE = YES;
				CLANG_WARN__DUPLICATE_METHOD_MATCH = YES;
				COPY_PHASE_STRIP = NO;
				DEBUG_INFORMATION_FORMAT = dwarf;
				ENABLE_STRICT_OBJC_MSGSEND = YES;
				ENABLE_TESTABILITY = YES;
				GCC_C_LANGUAGE_STANDARD = gnu11;
				GCC_DYNAMIC_NO_PIC = NO;
				GCC_NO_COMMON_BLOCKS = YES;
				GCC_OPTIMIZATION_LEVEL = 0;
				GCC_PREPROCESSOR_DEFINITIONS = (
					"DEBUG=1",
					"$(inherited)",
				);
				GCC_WARN_64_TO_32_BIT_CONVERSION = YES;
				GCC_WARN_ABOUT_RETURN_TYPE = YES_ERROR;
				GCC_WARN_UNDECLARED_SELECTOR = YES;
				GCC_WARN_UNINITIALIZED_AUTOS = YES_AGGRESSIVE;
				GCC_WARN_UNUSED_FUNCTION = YES;
				GCC_WARN_UNUSED_VARIABLE = YES;
				IPHONEOS_DEPLOYMENT_TARGET = 15.2;
				MTL_ENABLE_DEBUG_INFO = INCLUDE_SOURCE;
				MTL_FAST_MATH = YES;
				ONLY_ACTIVE_ARCH = YES;
				SDKROOT = iphoneos;
				SWIFT_ACTIVE_COMPILATION_CONDITIONS = DEBUG;
				SWIFT_OPTIMIZATION_LEVEL = "-Onone";
			};
			name = Debug;
		};
		A295FD8827B42F27006D02A9 /* Release */ = {
			isa = XCBuildConfiguration;
			buildSettings = {
				ALWAYS_SEARCH_USER_PATHS = NO;
				CLANG_ANALYZER_NONNULL = YES;
				CLANG_ANALYZER_NUMBER_OBJECT_CONVERSION = YES_AGGRESSIVE;
				CLANG_CXX_LANGUAGE_STANDARD = "gnu++17";
				CLANG_CXX_LIBRARY = "libc++";
				CLANG_ENABLE_MODULES = YES;
				CLANG_ENABLE_OBJC_ARC = YES;
				CLANG_ENABLE_OBJC_WEAK = YES;
				CLANG_WARN_BLOCK_CAPTURE_AUTORELEASING = YES;
				CLANG_WARN_BOOL_CONVERSION = YES;
				CLANG_WARN_COMMA = YES;
				CLANG_WARN_CONSTANT_CONVERSION = YES;
				CLANG_WARN_DEPRECATED_OBJC_IMPLEMENTATIONS = YES;
				CLANG_WARN_DIRECT_OBJC_ISA_USAGE = YES_ERROR;
				CLANG_WARN_DOCUMENTATION_COMMENTS = YES;
				CLANG_WARN_EMPTY_BODY = YES;
				CLANG_WARN_ENUM_CONVERSION = YES;
				CLANG_WARN_INFINITE_RECURSION = YES;
				CLANG_WARN_INT_CONVERSION = YES;
				CLANG_WARN_NON_LITERAL_NULL_CONVERSION = YES;
				CLANG_WARN_OBJC_IMPLICIT_RETAIN_SELF = YES;
				CLANG_WARN_OBJC_LITERAL_CONVERSION = YES;
				CLANG_WARN_OBJC_ROOT_CLASS = YES_ERROR;
				CLANG_WARN_QUOTED_INCLUDE_IN_FRAMEWORK_HEADER = YES;
				CLANG_WARN_RANGE_LOOP_ANALYSIS = YES;
				CLANG_WARN_STRICT_PROTOTYPES = YES;
				CLANG_WARN_SUSPICIOUS_MOVE = YES;
				CLANG_WARN_UNGUARDED_AVAILABILITY = YES_AGGRESSIVE;
				CLANG_WARN_UNREACHABLE_CODE = YES;
				CLANG_WARN__DUPLICATE_METHOD_MATCH = YES;
				COPY_PHASE_STRIP = NO;
				DEBUG_INFORMATION_FORMAT = "dwarf-with-dsym";
				ENABLE_NS_ASSERTIONS = NO;
				ENABLE_STRICT_OBJC_MSGSEND = YES;
				GCC_C_LANGUAGE_STANDARD = gnu11;
				GCC_NO_COMMON_BLOCKS = YES;
				GCC_WARN_64_TO_32_BIT_CONVERSION = YES;
				GCC_WARN_ABOUT_RETURN_TYPE = YES_ERROR;
				GCC_WARN_UNDECLARED_SELECTOR = YES;
				GCC_WARN_UNINITIALIZED_AUTOS = YES_AGGRESSIVE;
				GCC_WARN_UNUSED_FUNCTION = YES;
				GCC_WARN_UNUSED_VARIABLE = YES;
				IPHONEOS_DEPLOYMENT_TARGET = 15.2;
				MTL_ENABLE_DEBUG_INFO = NO;
				MTL_FAST_MATH = YES;
				SDKROOT = iphoneos;
				SWIFT_COMPILATION_MODE = wholemodule;
				SWIFT_OPTIMIZATION_LEVEL = "-O";
				VALIDATE_PRODUCT = YES;
			};
			name = Release;
		};
		A295FD8A27B42F27006D02A9 /* Debug */ = {
			isa = XCBuildConfiguration;
			buildSettings = {
				ASSETCATALOG_COMPILER_APPICON_NAME = AppIcon;
				ASSETCATALOG_COMPILER_GLOBAL_ACCENT_COLOR_NAME = AccentColor;
				CODE_SIGN_STYLE = Automatic;
				CURRENT_PROJECT_VERSION = 1;
				DEVELOPMENT_TEAM = U3JHK4U826;
				GENERATE_INFOPLIST_FILE = YES;
				INFOPLIST_FILE = "MVP-Storyboard-2/Info.plist";
				INFOPLIST_KEY_UIApplicationSupportsIndirectInputEvents = YES;
				INFOPLIST_KEY_UILaunchStoryboardName = LaunchScreen;
				INFOPLIST_KEY_UISupportedInterfaceOrientations_iPad = "UIInterfaceOrientationPortrait UIInterfaceOrientationPortraitUpsideDown UIInterfaceOrientationLandscapeLeft UIInterfaceOrientationLandscapeRight";
				INFOPLIST_KEY_UISupportedInterfaceOrientations_iPhone = "UIInterfaceOrientationPortrait UIInterfaceOrientationLandscapeLeft UIInterfaceOrientationLandscapeRight";
				LD_RUNPATH_SEARCH_PATHS = (
					"$(inherited)",
					"@executable_path/Frameworks",
				);
				MARKETING_VERSION = 1.0;
				PRODUCT_BUNDLE_IDENTIFIER = "YeoCompany.MVP-Storyboard-2";
				PRODUCT_NAME = "$(TARGET_NAME)";
				SWIFT_EMIT_LOC_STRINGS = YES;
				SWIFT_VERSION = 5.0;
				TARGETED_DEVICE_FAMILY = "1,2";
			};
			name = Debug;
		};
		A295FD8B27B42F27006D02A9 /* Release */ = {
			isa = XCBuildConfiguration;
			buildSettings = {
				ASSETCATALOG_COMPILER_APPICON_NAME = AppIcon;
				ASSETCATALOG_COMPILER_GLOBAL_ACCENT_COLOR_NAME = AccentColor;
				CODE_SIGN_STYLE = Automatic;
				CURRENT_PROJECT_VERSION = 1;
				DEVELOPMENT_TEAM = U3JHK4U826;
				GENERATE_INFOPLIST_FILE = YES;
				INFOPLIST_FILE = "MVP-Storyboard-2/Info.plist";
				INFOPLIST_KEY_UIApplicationSupportsIndirectInputEvents = YES;
				INFOPLIST_KEY_UILaunchStoryboardName = LaunchScreen;
				INFOPLIST_KEY_UISupportedInterfaceOrientations_iPad = "UIInterfaceOrientationPortrait UIInterfaceOrientationPortraitUpsideDown UIInterfaceOrientationLandscapeLeft UIInterfaceOrientationLandscapeRight";
				INFOPLIST_KEY_UISupportedInterfaceOrientations_iPhone = "UIInterfaceOrientationPortrait UIInterfaceOrientationLandscapeLeft UIInterfaceOrientationLandscapeRight";
				LD_RUNPATH_SEARCH_PATHS = (
					"$(inherited)",
					"@executable_path/Frameworks",
				);
				MARKETING_VERSION = 1.0;
				PRODUCT_BUNDLE_IDENTIFIER = "YeoCompany.MVP-Storyboard-2";
				PRODUCT_NAME = "$(TARGET_NAME)";
				SWIFT_EMIT_LOC_STRINGS = YES;
				SWIFT_VERSION = 5.0;
				TARGETED_DEVICE_FAMILY = "1,2";
			};
			name = Release;
		};
		A295FD8D27B42F27006D02A9 /* Debug */ = {
			isa = XCBuildConfiguration;
			buildSettings = {
				ALWAYS_EMBED_SWIFT_STANDARD_LIBRARIES = YES;
				BUNDLE_LOADER = "$(TEST_HOST)";
				CODE_SIGN_STYLE = Automatic;
				CURRENT_PROJECT_VERSION = 1;
				DEVELOPMENT_TEAM = U3JHK4U826;
				GENERATE_INFOPLIST_FILE = YES;
				IPHONEOS_DEPLOYMENT_TARGET = 15.2;
				MARKETING_VERSION = 1.0;
				PRODUCT_BUNDLE_IDENTIFIER = "YeoCompany.MVP-Storyboard-2Tests";
				PRODUCT_NAME = "$(TARGET_NAME)";
				SWIFT_EMIT_LOC_STRINGS = NO;
				SWIFT_VERSION = 5.0;
				TARGETED_DEVICE_FAMILY = "1,2";
				TEST_HOST = "$(BUILT_PRODUCTS_DIR)/MVP-Storyboard-2.app/MVP-Storyboard-2";
			};
			name = Debug;
		};
		A295FD8E27B42F27006D02A9 /* Release */ = {
			isa = XCBuildConfiguration;
			buildSettings = {
				ALWAYS_EMBED_SWIFT_STANDARD_LIBRARIES = YES;
				BUNDLE_LOADER = "$(TEST_HOST)";
				CODE_SIGN_STYLE = Automatic;
				CURRENT_PROJECT_VERSION = 1;
				DEVELOPMENT_TEAM = U3JHK4U826;
				GENERATE_INFOPLIST_FILE = YES;
				IPHONEOS_DEPLOYMENT_TARGET = 15.2;
				MARKETING_VERSION = 1.0;
				PRODUCT_BUNDLE_IDENTIFIER = "YeoCompany.MVP-Storyboard-2Tests";
				PRODUCT_NAME = "$(TARGET_NAME)";
				SWIFT_EMIT_LOC_STRINGS = NO;
				SWIFT_VERSION = 5.0;
				TARGETED_DEVICE_FAMILY = "1,2";
				TEST_HOST = "$(BUILT_PRODUCTS_DIR)/MVP-Storyboard-2.app/MVP-Storyboard-2";
			};
			name = Release;
		};
		A295FD9027B42F27006D02A9 /* Debug */ = {
			isa = XCBuildConfiguration;
			buildSettings = {
				ALWAYS_EMBED_SWIFT_STANDARD_LIBRARIES = YES;
				CODE_SIGN_STYLE = Automatic;
				CURRENT_PROJECT_VERSION = 1;
				DEVELOPMENT_TEAM = U3JHK4U826;
				GENERATE_INFOPLIST_FILE = YES;
				MARKETING_VERSION = 1.0;
				PRODUCT_BUNDLE_IDENTIFIER = "YeoCompany.MVP-Storyboard-2UITests";
				PRODUCT_NAME = "$(TARGET_NAME)";
				SWIFT_EMIT_LOC_STRINGS = NO;
				SWIFT_VERSION = 5.0;
				TARGETED_DEVICE_FAMILY = "1,2";
				TEST_TARGET_NAME = "MVP-Storyboard-2";
			};
			name = Debug;
		};
		A295FD9127B42F27006D02A9 /* Release */ = {
			isa = XCBuildConfiguration;
			buildSettings = {
				ALWAYS_EMBED_SWIFT_STANDARD_LIBRARIES = YES;
				CODE_SIGN_STYLE = Automatic;
				CURRENT_PROJECT_VERSION = 1;
				DEVELOPMENT_TEAM = U3JHK4U826;
				GENERATE_INFOPLIST_FILE = YES;
				MARKETING_VERSION = 1.0;
				PRODUCT_BUNDLE_IDENTIFIER = "YeoCompany.MVP-Storyboard-2UITests";
				PRODUCT_NAME = "$(TARGET_NAME)";
				SWIFT_EMIT_LOC_STRINGS = NO;
				SWIFT_VERSION = 5.0;
				TARGETED_DEVICE_FAMILY = "1,2";
				TEST_TARGET_NAME = "MVP-Storyboard-2";
			};
			name = Release;
		};
/* End XCBuildConfiguration section */

/* Begin XCConfigurationList section */
		A295FD5A27B42F26006D02A9 /* Build configuration list for PBXProject "MVP-Storyboard-2" */ = {
			isa = XCConfigurationList;
			buildConfigurations = (
				A295FD8727B42F27006D02A9 /* Debug */,
				A295FD8827B42F27006D02A9 /* Release */,
			);
			defaultConfigurationIsVisible = 0;
			defaultConfigurationName = Release;
		};
		A295FD8927B42F27006D02A9 /* Build configuration list for PBXNativeTarget "MVP-Storyboard-2" */ = {
			isa = XCConfigurationList;
			buildConfigurations = (
				A295FD8A27B42F27006D02A9 /* Debug */,
				A295FD8B27B42F27006D02A9 /* Release */,
			);
			defaultConfigurationIsVisible = 0;
			defaultConfigurationName = Release;
		};
		A295FD8C27B42F27006D02A9 /* Build configuration list for PBXNativeTarget "MVP-Storyboard-2Tests" */ = {
			isa = XCConfigurationList;
			buildConfigurations = (
				A295FD8D27B42F27006D02A9 /* Debug */,
				A295FD8E27B42F27006D02A9 /* Release */,
			);
			defaultConfigurationIsVisible = 0;
			defaultConfigurationName = Release;
		};
		A295FD8F27B42F27006D02A9 /* Build configuration list for PBXNativeTarget "MVP-Storyboard-2UITests" */ = {
			isa = XCConfigurationList;
			buildConfigurations = (
				A295FD9027B42F27006D02A9 /* Debug */,
				A295FD9127B42F27006D02A9 /* Release */,
			);
			defaultConfigurationIsVisible = 0;
			defaultConfigurationName = Release;
		};
/* End XCConfigurationList section */
	};
	rootObject = A295FD5727B42F26006D02A9 /* Project object */;
}
